
Microsoft Visual Studio Solution File, Format Version 12.00
# Visual Studio Version 17
VisualStudioVersion = 17.0.31903.59
MinimumVisualStudioVersion = 10.0.40219.1
Project("{2150E333-8FDC-42A3-9474-1A3956D46DE8}") = "src", "src", "{D229FCFA-4FEF-454D-8242-3E0A1624888C}"
EndProject
Project("{FAE04EC0-301F-11D3-BF4B-00C04F79EFBC}") = "tunenest.Domain", "tunenest.Domain\tunenest.Domain.csproj", "{BA0F8597-F2E9-4128-86A7-530151C199FE}"
EndProject
Project("{FAE04EC0-301F-11D3-BF4B-00C04F79EFBC}") = "tunenest.Application", "tunenest.Application\tunenest.Application.csproj", "{DAC10C0A-F645-46F6-B044-0DC1AA0E3A58}"
EndProject
Project("{FAE04EC0-301F-11D3-BF4B-00C04F79EFBC}") = "tunenest.Infrastructure", "tunenest.Infrastructure\tunenest.Infrastructure.csproj", "{59A0DDA2-07D7-4DB9-AB9D-E6B374A863D4}"
EndProject
Project("{FAE04EC0-301F-11D3-BF4B-00C04F79EFBC}") = "tunenest.Persistence", "tunenest.Persistence\tunenest.Persistence.csproj", "{B7571295-4276-4F3B-B17B-03E21EB2841F}"
EndProject
Project("{FAE04EC0-301F-11D3-BF4B-00C04F79EFBC}") = "tunenest.Api", "tunenest.Api\tunenest.Api.csproj", "{C8010F5A-F3FA-486C-863B-6B6AFA149021}"
EndProject
Global
	GlobalSection(SolutionConfigurationPlatforms) = preSolution
		Debug|Any CPU = Debug|Any CPU
		Release|Any CPU = Release|Any CPU
	EndGlobalSection
	GlobalSection(ProjectConfigurationPlatforms) = postSolution
		{BA0F8597-F2E9-4128-86A7-530151C199FE}.Debug|Any CPU.ActiveCfg = Debug|Any CPU
		{BA0F8597-F2E9-4128-86A7-530151C199FE}.Debug|Any CPU.Build.0 = Debug|Any CPU
		{BA0F8597-F2E9-4128-86A7-530151C199FE}.Release|Any CPU.ActiveCfg = Release|Any CPU
		{BA0F8597-F2E9-4128-86A7-530151C199FE}.Release|Any CPU.Build.0 = Release|Any CPU
		{DAC10C0A-F645-46F6-B044-0DC1AA0E3A58}.Debug|Any CPU.ActiveCfg = Debug|Any CPU
		{DAC10C0A-F645-46F6-B044-0DC1AA0E3A58}.Debug|Any CPU.Build.0 = Debug|Any CPU
		{DAC10C0A-F645-46F6-B044-0DC1AA0E3A58}.Release|Any CPU.ActiveCfg = Release|Any CPU
		{DAC10C0A-F645-46F6-B044-0DC1AA0E3A58}.Release|Any CPU.Build.0 = Release|Any CPU
		{59A0DDA2-07D7-4DB9-AB9D-E6B374A863D4}.Debug|Any CPU.ActiveCfg = Debug|Any CPU
		{59A0DDA2-07D7-4DB9-AB9D-E6B374A863D4}.Debug|Any CPU.Build.0 = Debug|Any CPU
		{59A0DDA2-07D7-4DB9-AB9D-E6B374A863D4}.Release|Any CPU.ActiveCfg = Release|Any CPU
		{59A0DDA2-07D7-4DB9-AB9D-E6B374A863D4}.Release|Any CPU.Build.0 = Release|Any CPU
		{B7571295-4276-4F3B-B17B-03E21EB2841F}.Debug|Any CPU.ActiveCfg = Debug|Any CPU
		{B7571295-4276-4F3B-B17B-03E21EB2841F}.Debug|Any CPU.Build.0 = Debug|Any CPU
		{B7571295-4276-4F3B-B17B-03E21EB2841F}.Release|Any CPU.ActiveCfg = Release|Any CPU
		{B7571295-4276-4F3B-B17B-03E21EB2841F}.Release|Any CPU.Build.0 = Release|Any CPU
		{C8010F5A-F3FA-486C-863B-6B6AFA149021}.Debug|Any CPU.ActiveCfg = Debug|Any CPU
		{C8010F5A-F3FA-486C-863B-6B6AFA149021}.Debug|Any CPU.Build.0 = Debug|Any CPU
		{C8010F5A-F3FA-486C-863B-6B6AFA149021}.Release|Any CPU.ActiveCfg = Release|Any CPU
		{C8010F5A-F3FA-486C-863B-6B6AFA149021}.Release|Any CPU.Build.0 = Release|Any CPU
	EndGlobalSection
	GlobalSection(SolutionProperties) = preSolution
		HideSolutionNode = FALSE
	EndGlobalSection
	GlobalSection(NestedProjects) = preSolution
		{BA0F8597-F2E9-4128-86A7-530151C199FE} = {D229FCFA-4FEF-454D-8242-3E0A1624888C}
		{DAC10C0A-F645-46F6-B044-0DC1AA0E3A58} = {D229FCFA-4FEF-454D-8242-3E0A1624888C}
		{59A0DDA2-07D7-4DB9-AB9D-E6B374A863D4} = {D229FCFA-4FEF-454D-8242-3E0A1624888C}
		{B7571295-4276-4F3B-B17B-03E21EB2841F} = {D229FCFA-4FEF-454D-8242-3E0A1624888C}
		{C8010F5A-F3FA-486C-863B-6B6AFA149021} = {D229FCFA-4FEF-454D-8242-3E0A1624888C}
	EndGlobalSection
	GlobalSection(ExtensibilityGlobals) = postSolution
		SolutionGuid = {7D650A0A-64B9-4CBC-A14B-745D2F54D94F}
	EndGlobalSection
EndGlobal
